{
  "name": "TnQ_FashionS",
  "lockfileVersion": 3,
  "requires": true,
  "packages": {
    "": {
      "dependencies": {
        "@hookform/resolvers": "^5.2.1",
        "@tanstack/react-query": "^5.87.4",
        "react-hook-form": "^7.62.0",
        "react-hot-toast": "^2.6.0",
        "zod": "^4.1.7"
      }
    },
    "node_modules/@hookform/resolvers": {
      "version": "5.2.1",
      "resolved": "https://registry.npmjs.org/@hookform/resolvers/-/resolvers-5.2.1.tgz",
      "integrity": "sha512-u0+6X58gkjMcxur1wRWokA7XsiiBJ6aK17aPZxhkoYiK5J+HcTx0Vhu9ovXe6H+dVpO6cjrn2FkJTryXEMlryQ==",
      "license": "MIT",
      "dependencies": {
        "@standard-schema/utils": "^0.3.0"
      },
      "peerDependencies": {
        "react-hook-form": "^7.55.0"
      }
    },
    "node_modules/@standard-schema/utils": {
      "version": "0.3.0",
      "resolved": "https://registry.npmjs.org/@standard-schema/utils/-/utils-0.3.0.tgz",
      "integrity": "sha512-e7Mew686owMaPJVNNLs55PUvgz371nKgwsc4vxE49zsODpJEnxgxRo2y/OKrqueavXgZNMDVj3DdHFlaSAeU8g==",
      "license": "MIT"
    },
    "node_modules/@tanstack/query-core": {
      "version": "5.87.4",
      "resolved": "https://registry.npmjs.org/@tanstack/query-core/-/query-core-5.87.4.tgz",
      "integrity": "sha512-uNsg6zMxraEPDVO2Bn+F3/ctHi+Zsk+MMpcN8h6P7ozqD088F6mFY5TfGM7zuyIrL7HKpDyu6QHfLWiDxh3cuw==",
      "license": "MIT",
      "funding": {
        "type": "github",
        "url": "https://github.com/sponsors/tannerlinsley"
      }
    },
    "node_modules/@tanstack/react-query": {
      "version": "5.87.4",
      "resolved": "https://registry.npmjs.org/@tanstack/react-query/-/react-query-5.87.4.tgz",
      "integrity": "sha512-T5GT/1ZaNsUXf5I3RhcYuT17I4CPlbZgyLxc/ZGv7ciS6esytlbjb3DgUFO6c8JWYMDpdjSWInyGZUErgzqhcA==",
      "license": "MIT",
      "dependencies": {
        "@tanstack/query-core": "5.87.4"
      },
      "funding": {
        "type": "github",
        "url": "https://github.com/sponsors/tannerlinsley"
      },
      "peerDependencies": {
        "react": "^18 || ^19"
      }
    },
    "node_modules/csstype": {
      "version": "3.1.3",
      "resolved": "https://registry.npmjs.org/csstype/-/csstype-3.1.3.tgz",
      "integrity": "sha512-M1uQkMl8rQK/szD0LNhtqxIPLpimGm8sOBwU7lLnCpSbTyY3yeU1Vc7l4KT5zT4s/yOxHH5O7tIuuLOCnLADRw==",
      "license": "MIT"
    },
    "node_modules/goober": {
      "version": "2.1.16",
      "resolved": "https://registry.npmjs.org/goober/-/goober-2.1.16.tgz",
      "integrity": "sha512-erjk19y1U33+XAMe1VTvIONHYoSqE4iS7BYUZfHaqeohLmnC0FdxEh7rQU+6MZ4OajItzjZFSRtVANrQwNq6/g==",
      "license": "MIT",
      "peerDependencies": {
        "csstype": "^3.0.10"
      }
    },
    "node_modules/react": {
      "version": "19.1.1",
      "resolved": "https://registry.npmjs.org/react/-/react-19.1.1.tgz",
      "integrity": "sha512-w8nqGImo45dmMIfljjMwOGtbmC/mk4CMYhWIicdSflH91J9TyCyczcPFXJzrZ/ZXcgGRFeP6BU0BEJTw6tZdfQ==",
      "license": "MIT",
      "peer": true,
      "engines": {
        "node": ">=0.10.0"
      }
    },
    "node_modules/react-dom": {
      "version": "19.1.1",
      "resolved": "https://registry.npmjs.org/react-dom/-/react-dom-19.1.1.tgz",
      "integrity": "sha512-Dlq/5LAZgF0Gaz6yiqZCf6VCcZs1ghAJyrsu84Q/GT0gV+mCxbfmKNoGRKBYMJ8IEdGPqu49YWXD02GCknEDkw==",
      "license": "MIT",
      "peer": true,
      "dependencies": {
        "scheduler": "^0.26.0"
      },
      "peerDependencies": {
        "react": "^19.1.1"
      }
    },
    "node_modules/react-hook-form": {
      "version": "7.62.0",
      "resolved": "https://registry.npmjs.org/react-hook-form/-/react-hook-form-7.62.0.tgz",
      "integrity": "sha512-7KWFejc98xqG/F4bAxpL41NB3o1nnvQO1RWZT3TqRZYL8RryQETGfEdVnJN2fy1crCiBLLjkRBVK05j24FxJGA==",
      "license": "MIT",
      "engines": {
        "node": ">=18.0.0"
      },
      "funding": {
        "type": "opencollective",
        "url": "https://opencollective.com/react-hook-form"
      },
      "peerDependencies": {
        "react": "^16.8.0 || ^17 || ^18 || ^19"
      }
    },
    "node_modules/react-hot-toast": {
      "version": "2.6.0",
      "resolved": "https://registry.npmjs.org/react-hot-toast/-/react-hot-toast-2.6.0.tgz",
      "integrity": "sha512-bH+2EBMZ4sdyou/DPrfgIouFpcRLCJ+HoCA32UoAYHn6T3Ur5yfcDCeSr5mwldl6pFOsiocmrXMuoCJ1vV8bWg==",
      "license": "MIT",
      "dependencies": {
        "csstype": "^3.1.3",
        "goober": "^2.1.16"
      },
      "engines": {
        "node": ">=10"
      },
      "peerDependencies": {
        "react": ">=16",
        "react-dom": ">=16"
      }
    },
    "node_modules/scheduler": {
      "version": "0.26.0",
      "resolved": "https://registry.npmjs.org/scheduler/-/scheduler-0.26.0.tgz",
      "integrity": "sha512-NlHwttCI/l5gCPR3D1nNXtWABUmBwvZpEQiD4IXSbIDq8BzLIK/7Ir5gTFSGZDUu37K5cMNp0hFtzO38sC7gWA==",
      "license": "MIT",
      "peer": true
    },
    "node_modules/zod": {
      "version": "4.1.7",
      "resolved": "https://registry.npmjs.org/zod/-/zod-4.1.7.tgz",
      "integrity": "sha512-6qi6UYyzAl7W9uV29KvcSFXqK4QCYNYUz2YASPNBWpJE1RY6R1nArmmFPgGY/CBYWzpeMw3EOER+DR9a05O4IA==",
      "license": "MIT",
      "funding": {
        "url": "https://github.com/sponsors/colinhacks"
      }
    }
  }
}
